// !$*UTF8*$!
{
	archiveVersion = 1;
	classes = {
	};
	objectVersion = 46;
	objects = {

/* Begin PBXBuildFile section */
		3DEE339F1B31349C0096EF94 /* main.m in Sources */ = {isa = PBXBuildFile; fileRef = 3DEE339E1B31349C0096EF94 /* main.m */; };
		3DEE33A21B31349C0096EF94 /* AppDelegate.m in Sources */ = {isa = PBXBuildFile; fileRef = 3DEE33A11B31349C0096EF94 /* AppDelegate.m */; };
		3DEE33A51B31349C0096EF94 /* ViewController.m in Sources */ = {isa = PBXBuildFile; fileRef = 3DEE33A41B31349C0096EF94 /* ViewController.m */; };
		3DEE33A81B31349C0096EF94 /* Main.storyboard in Resources */ = {isa = PBXBuildFile; fileRef = 3DEE33A61B31349C0096EF94 /* Main.storyboard */; };
		3DEE33AA1B31349C0096EF94 /* Images.xcassets in Resources */ = {isa = PBXBuildFile; fileRef = 3DEE33A91B31349C0096EF94 /* Images.xcassets */; };
		3DEE33AD1B31349C0096EF94 /* LaunchScreen.xib in Resources */ = {isa = PBXBuildFile; fileRef = 3DEE33AB1B31349C0096EF94 /* LaunchScreen.xib */; };
		3DEE33B91B31349C0096EF94 /* Day_4_Photo_Boomper_AppTests.m in Sources */ = {isa = PBXBuildFile; fileRef = 3DEE33B81B31349C0096EF94 /* Day_4_Photo_Boomper_AppTests.m */; };
		3DEE33C41B313D010096EF94 /* PhotoCollectionViewCell.m in Sources */ = {isa = PBXBuildFile; fileRef = 3DEE33C31B313D010096EF94 /* PhotoCollectionViewCell.m */; };
		3DEE33C61B31400E0096EF94 /* MSG-3_first_image_7aug12_H.jpg in Resources */ = {isa = PBXBuildFile; fileRef = 3DEE33C51B31400E0096EF94 /* MSG-3_first_image_7aug12_H.jpg */; };
		42CFEB8AA8B1B0F988DE4D07 /* libPods.a in Frameworks */ = {isa = PBXBuildFile; fileRef = BC496FB6078623C9F921CB67 /* libPods.a */; };
/* End PBXBuildFile section */

/* Begin PBXContainerItemProxy section */
		3DEE33B31B31349C0096EF94 /* PBXContainerItemProxy */ = {
			isa = PBXContainerItemProxy;
			containerPortal = 3DEE33911B31349C0096EF94 /* Project object */;
			proxyType = 1;
			remoteGlobalIDString = 3DEE33981B31349C0096EF94;
			remoteInfo = "Day 4 Photo Boomper App";
		};
/* End PBXContainerItemProxy section */

/* Begin PBXFileReference section */
		285501F9777D8E55D5DE5E3F /* Pods.debug.xcconfig */ = {isa = PBXFileReference; includeInIndex = 1; lastKnownFileType = text.xcconfig; name = Pods.debug.xcconfig; path = "Pods/Target Support Files/Pods/Pods.debug.xcconfig"; sourceTree = "<group>"; };
		3DEE33991B31349C0096EF94 /* Day 4 Photo Boomper App.app */ = {isa = PBXFileReference; explicitFileType = wrapper.application; includeInIndex = 0; path = "Day 4 Photo Boomper App.app"; sourceTree = BUILT_PRODUCTS_DIR; };
		3DEE339D1B31349C0096EF94 /* Info.plist */ = {isa = PBXFileReference; lastKnownFileType = text.plist.xml; path = Info.plist; sourceTree = "<group>"; };
		3DEE339E1B31349C0096EF94 /* main.m */ = {isa = PBXFileReference; lastKnownFileType = sourcecode.c.objc; path = main.m; sourceTree = "<group>"; };
		3DEE33A01B31349C0096EF94 /* AppDelegate.h */ = {isa = PBXFileReference; lastKnownFileType = sourcecode.c.h; path = AppDelegate.h; sourceTree = "<group>"; };
		3DEE33A11B31349C0096EF94 /* AppDelegate.m */ = {isa = PBXFileReference; lastKnownFileType = sourcecode.c.objc; path = AppDelegate.m; sourceTree = "<group>"; };
		3DEE33A31B31349C0096EF94 /* ViewController.h */ = {isa = PBXFileReference; lastKnownFileType = sourcecode.c.h; path = ViewController.h; sourceTree = "<group>"; };
		3DEE33A41B31349C0096EF94 /* ViewController.m */ = {isa = PBXFileReference; lastKnownFileType = sourcecode.c.objc; path = ViewController.m; sourceTree = "<group>"; };
		3DEE33A71B31349C0096EF94 /* Base */ = {isa = PBXFileReference; lastKnownFileType = file.storyboard; name = Base; path = Base.lproj/Main.storyboard; sourceTree = "<group>"; };
		3DEE33A91B31349C0096EF94 /* Images.xcassets */ = {isa = PBXFileReference; lastKnownFileType = folder.assetcatalog; path = Images.xcassets; sourceTree = "<group>"; };
		3DEE33AC1B31349C0096EF94 /* Base */ = {isa = PBXFileReference; lastKnownFileType = file.xib; name = Base; path = Base.lproj/LaunchScreen.xib; sourceTree = "<group>"; };
		3DEE33B21B31349C0096EF94 /* Day 4 Photo Boomper AppTests.xctest */ = {isa = PBXFileReference; explicitFileType = wrapper.cfbundle; includeInIndex = 0; path = "Day 4 Photo Boomper AppTests.xctest"; sourceTree = BUILT_PRODUCTS_DIR; };
		3DEE33B71B31349C0096EF94 /* Info.plist */ = {isa = PBXFileReference; lastKnownFileType = text.plist.xml; path = Info.plist; sourceTree = "<group>"; };
		3DEE33B81B31349C0096EF94 /* Day_4_Photo_Boomper_AppTests.m */ = {isa = PBXFileReference; lastKnownFileType = sourcecode.c.objc; path = Day_4_Photo_Boomper_AppTests.m; sourceTree = "<group>"; };
		3DEE33C21B313D010096EF94 /* PhotoCollectionViewCell.h */ = {isa = PBXFileReference; fileEncoding = 4; lastKnownFileType = sourcecode.c.h; path = PhotoCollectionViewCell.h; sourceTree = "<group>"; };
		3DEE33C31B313D010096EF94 /* PhotoCollectionViewCell.m */ = {isa = PBXFileReference; fileEncoding = 4; lastKnownFileType = sourcecode.c.objc; path = PhotoCollectionViewCell.m; sourceTree = "<group>"; };
		3DEE33C51B31400E0096EF94 /* MSG-3_first_image_7aug12_H.jpg */ = {isa = PBXFileReference; lastKnownFileType = image.jpeg; name = "MSG-3_first_image_7aug12_H.jpg"; path = "../../../Design Course/MSG-3_first_image_7aug12_H.jpg"; sourceTree = "<group>"; };
		3DEE33C71B3149EE0096EF94 /*  Podfile */ = {isa = PBXFileReference; lastKnownFileType = text; name = " Podfile"; path = "Day 4 Photo Boomper App/ Podfile"; sourceTree = "<group>"; };
		BC496FB6078623C9F921CB67 /* libPods.a */ = {isa = PBXFileReference; explicitFileType = archive.ar; includeInIndex = 0; path = libPods.a; sourceTree = BUILT_PRODUCTS_DIR; };
		BD147D413324E15C8ADE96D9 /* Pods.release.xcconfig */ = {isa = PBXFileReference; includeInIndex = 1; lastKnownFileType = text.xcconfig; name = Pods.release.xcconfig; path = "Pods/Target Support Files/Pods/Pods.release.xcconfig"; sourceTree = "<group>"; };
/* End PBXFileReference section */

/* Begin PBXFrameworksBuildPhase section */
		3DEE33961B31349C0096EF94 /* Frameworks */ = {
			isa = PBXFrameworksBuildPhase;
			buildActionMask = 2147483647;
			files = (
				42CFEB8AA8B1B0F988DE4D07 /* libPods.a in Frameworks */,
			);
			runOnlyForDeploymentPostprocessing = 0;
		};
		3DEE33AF1B31349C0096EF94 /* Frameworks */ = {
			isa = PBXFrameworksBuildPhase;
			buildActionMask = 2147483647;
			files = (
			);
			runOnlyForDeploymentPostprocessing = 0;
		};
/* End PBXFrameworksBuildPhase section */

/* Begin PBXGroup section */
		107354F5FE032ECC48CA5F48 /* Frameworks */ = {
			isa = PBXGroup;
			children = (
				BC496FB6078623C9F921CB67 /* libPods.a */,
			);
			name = Frameworks;
			sourceTree = "<group>";
		};
		3DEE33901B31349C0096EF94 = {
			isa = PBXGroup;
			children = (
				3DEE33C71B3149EE0096EF94 /*  Podfile */,
				3DEE339B1B31349C0096EF94 /* Day 4 Photo Boomper App */,
				3DEE33B51B31349C0096EF94 /* Day 4 Photo Boomper AppTests */,
				3DEE339A1B31349C0096EF94 /* Products */,
				3FA8E0BA03D05DC0FDA8CCEA /* Pods */,
				107354F5FE032ECC48CA5F48 /* Frameworks */,
			);
			sourceTree = "<group>";
		};
		3DEE339A1B31349C0096EF94 /* Products */ = {
			isa = PBXGroup;
			children = (
				3DEE33991B31349C0096EF94 /* Day 4 Photo Boomper App.app */,
				3DEE33B21B31349C0096EF94 /* Day 4 Photo Boomper AppTests.xctest */,
			);
			name = Products;
			sourceTree = "<group>";
		};
		3DEE339B1B31349C0096EF94 /* Day 4 Photo Boomper App */ = {
			isa = PBXGroup;
			children = (
				3DEE33A01B31349C0096EF94 /* AppDelegate.h */,
				3DEE33A11B31349C0096EF94 /* AppDelegate.m */,
				3DEE33A31B31349C0096EF94 /* ViewController.h */,
				3DEE33A41B31349C0096EF94 /* ViewController.m */,
				3DEE33C21B313D010096EF94 /* PhotoCollectionViewCell.h */,
				3DEE33C31B313D010096EF94 /* PhotoCollectionViewCell.m */,
				3DEE33A61B31349C0096EF94 /* Main.storyboard */,
				3DEE33A91B31349C0096EF94 /* Images.xcassets */,
				3DEE33AB1B31349C0096EF94 /* LaunchScreen.xib */,
				3DEE339C1B31349C0096EF94 /* Supporting Files */,
			);
			path = "Day 4 Photo Boomper App";
			sourceTree = "<group>";
		};
		3DEE339C1B31349C0096EF94 /* Supporting Files */ = {
			isa = PBXGroup;
			children = (
				3DEE33C51B31400E0096EF94 /* MSG-3_first_image_7aug12_H.jpg */,
				3DEE339D1B31349C0096EF94 /* Info.plist */,
				3DEE339E1B31349C0096EF94 /* main.m */,
			);
			name = "Supporting Files";
			sourceTree = "<group>";
		};
		3DEE33B51B31349C0096EF94 /* Day 4 Photo Boomper AppTests */ = {
			isa = PBXGroup;
			children = (
				3DEE33B81B31349C0096EF94 /* Day_4_Photo_Boomper_AppTests.m */,
				3DEE33B61B31349C0096EF94 /* Supporting Files */,
			);
			path = "Day 4 Photo Boomper AppTests";
			sourceTree = "<group>";
		};
		3DEE33B61B31349C0096EF94 /* Supporting Files */ = {
			isa = PBXGroup;
			children = (
				3DEE33B71B31349C0096EF94 /* Info.plist */,
			);
			name = "Supporting Files";
			sourceTree = "<group>";
		};
		3FA8E0BA03D05DC0FDA8CCEA /* Pods */ = {
			isa = PBXGroup;
			children = (
				285501F9777D8E55D5DE5E3F /* Pods.debug.xcconfig */,
				BD147D413324E15C8ADE96D9 /* Pods.release.xcconfig */,
			);
			name = Pods;
			sourceTree = "<group>";
		};
/* End PBXGroup section */

/* Begin PBXNativeTarget section */
		3DEE33981B31349C0096EF94 /* Day 4 Photo Boomper App */ = {
			isa = PBXNativeTarget;
			buildConfigurationList = 3DEE33BC1B31349C0096EF94 /* Build configuration list for PBXNativeTarget "Day 4 Photo Boomper App" */;
			buildPhases = (
				F676837908A82B7A997C548E /* Check Pods Manifest.lock */,
				3DEE33951B31349C0096EF94 /* Sources */,
				3DEE33961B31349C0096EF94 /* Frameworks */,
				3DEE33971B31349C0096EF94 /* Resources */,
				120A4A7A1A8A74E2C85B628E /* Copy Pods Resources */,
			);
			buildRules = (
			);
			dependencies = (
			);
			name = "Day 4 Photo Boomper App";
			productName = "Day 4 Photo Boomper App";
			productReference = 3DEE33991B31349C0096EF94 /* Day 4 Photo Boomper App.app */;
			productType = "com.apple.product-type.application";
		};
		3DEE33B11B31349C0096EF94 /* Day 4 Photo Boomper AppTests */ = {
			isa = PBXNativeTarget;
			buildConfigurationList = 3DEE33BF1B31349C0096EF94 /* Build configuration list for PBXNativeTarget "Day 4 Photo Boomper AppTests" */;
			buildPhases = (
				3DEE33AE1B31349C0096EF94 /* Sources */,
				3DEE33AF1B31349C0096EF94 /* Frameworks */,
				3DEE33B01B31349C0096EF94 /* Resources */,
			);
			buildRules = (
			);
			dependencies = (
				3DEE33B41B31349C0096EF94 /* PBXTargetDependency */,
			);
			name = "Day 4 Photo Boomper AppTests";
			productName = "Day 4 Photo Boomper AppTests";
			productReference = 3DEE33B21B31349C0096EF94 /* Day 4 Photo Boomper AppTests.xctest */;
			productType = "com.apple.product-type.bundle.unit-test";
		};
/* End PBXNativeTarget section */

/* Begin PBXProject section */
		3DEE33911B31349C0096EF94 /* Project object */ = {
			isa = PBXProject;
			attributes = {
				LastUpgradeCheck = 0630;
				ORGANIZATIONNAME = "Nazifa Baktybayeva";
				TargetAttributes = {
					3DEE33981B31349C0096EF94 = {
						CreatedOnToolsVersion = 6.3.2;
					};
					3DEE33B11B31349C0096EF94 = {
						CreatedOnToolsVersion = 6.3.2;
						TestTargetID = 3DEE33981B31349C0096EF94;
					};
				};
			};
			buildConfigurationList = 3DEE33941B31349C0096EF94 /* Build configuration list for PBXProject "Day 4 Photo Boomper App" */;
			compatibilityVersion = "Xcode 3.2";
			developmentRegion = English;
			hasScannedForEncodings = 0;
			knownRegions = (
				en,
				Base,
			);
			mainGroup = 3DEE33901B31349C0096EF94;
			productRefGroup = 3DEE339A1B31349C0096EF94 /* Products */;
			projectDirPath = "";
			projectRoot = "";
			targets = (
				3DEE33981B31349C0096EF94 /* Day 4 Photo Boomper App */,
				3DEE33B11B31349C0096EF94 /* Day 4 Photo Boomper AppTests */,
			);
		};
/* End PBXProject section */

/* Begin PBXResourcesBuildPhase section */
		3DEE33971B31349C0096EF94 /* Resources */ = {
			isa = PBXResourcesBuildPhase;
			buildActionMask = 2147483647;
			files = (
				3DEE33A81B31349C0096EF94 /* Main.storyboard in Resources */,
				3DEE33AD1B31349C0096EF94 /* LaunchScreen.xib in Resources */,
				3DEE33C61B31400E0096EF94 /* MSG-3_first_image_7aug12_H.jpg in Resources */,
				3DEE33AA1B31349C0096EF94 /* Images.xcassets in Resources */,
			);
			runOnlyForDeploymentPostprocessing = 0;
		};
		3DEE33B01B31349C0096EF94 /* Resources */ = {
			isa = PBXResourcesBuildPhase;
			buildActionMask = 2147483647;
			files = (
			);
			runOnlyForDeploymentPostprocessing = 0;
		};
/* End PBXResourcesBuildPhase section */

/* Begin PBXShellScriptBuildPhase section */
		120A4A7A1A8A74E2C85B628E /* Copy Pods Resources */ = {
			isa = PBXShellScriptBuildPhase;
			buildActionMask = 2147483647;
			files = (
			);
			inputPaths = (
			);
			name = "Copy Pods Resources";
			outputPaths = (
			);
			runOnlyForDeploymentPostprocessing = 0;
			shellPath = /bin/sh;
			shellScript = "\"${SRCROOT}/Pods/Target Support Files/Pods/Pods-resources.sh\"\n";
			showEnvVarsInLog = 0;
		};
		F676837908A82B7A997C548E /* Check Pods Manifest.lock */ = {
			isa = PBXShellScriptBuildPhase;
			buildActionMask = 2147483647;
			files = (
			);
			inputPaths = (
			);
			name = "Check Pods Manifest.lock";
			outputPaths = (
			);
			runOnlyForDeploymentPostprocessing = 0;
			shellPath = /bin/sh;
			shellScript = "diff \"${PODS_ROOT}/../Podfile.lock\" \"${PODS_ROOT}/Manifest.lock\" > /dev/null\nif [[ $? != 0 ]] ; then\n    cat << EOM\nerror: The sandbox is not in sync with the Podfile.lock. Run 'pod install' or update your CocoaPods installation.\nEOM\n    exit 1\nfi\n";
			showEnvVarsInLog = 0;
		};
/* End PBXShellScriptBuildPhase section */

/* Begin PBXSourcesBuildPhase section */
		3DEE33951B31349C0096EF94 /* Sources */ = {
			isa = PBXSourcesBuildPhase;
			buildActionMask = 2147483647;
			files = (
				3DEE33A51B31349C0096EF94 /* ViewController.m in Sources */,
				3DEE33C41B313D010096EF94 /* PhotoCollectionViewCell.m in Sources */,
				3DEE33A21B31349C0096EF94 /* AppDelegate.m in Sources */,
				3DEE339F1B31349C0096EF94 /* main.m in Sources */,
			);
			runOnlyForDeploymentPostprocessing = 0;
		};
		3DEE33AE1B31349C0096EF94 /* Sources */ = {
			isa = PBXSourcesBuildPhase;
			buildActionMask = 2147483647;
			files = (
				3DEE33B91B31349C0096EF94 /* Day_4_Photo_Boomper_AppTests.m in Sources */,
			);
			runOnlyForDeploymentPostprocessing = 0;
		};
/* End PBXSourcesBuildPhase section */

/* Begin PBXTargetDependency section */
		3DEE33B41B31349C0096EF94 /* PBXTargetDependency */ = {
			isa = PBXTargetDependency;
			target = 3DEE33981B31349C0096EF94 /* Day 4 Photo Boomper App */;
			targetProxy = 3DEE33B31B31349C0096EF94 /* PBXContainerItemProxy */;
		};
/* End PBXTargetDependency section */

/* Begin PBXVariantGroup section */
		3DEE33A61B31349C0096EF94 /* Main.storyboard */ = {
			isa = PBXVariantGroup;
			children = (
				3DEE33A71B31349C0096EF94 /* Base */,
			);
			name = Main.storyboard;
			sourceTree = "<group>";
		};
		3DEE33AB1B31349C0096EF94 /* LaunchScreen.xib */ = {
			isa = PBXVariantGroup;
			children = (
				3DEE33AC1B31349C0096EF94 /* Base */,
			);
			name = LaunchScreen.xib;
			sourceTree = "<group>";
		};
/* End PBXVariantGroup section */

/* Begin XCBuildConfiguration section */
		3DEE33BA1B31349C0096EF94 /* Debug */ = {
			isa = XCBuildConfiguration;
			buildSettings = {
				ALWAYS_SEARCH_USER_PATHS = NO;
				CLANG_CXX_LANGUAGE_STANDARD = "gnu++0x";
				CLANG_CXX_LIBRARY = "libc++";
				CLANG_ENABLE_MODULES = YES;
				CLANG_ENABLE_OBJC_ARC = YES;
				CLANG_WARN_BOOL_CONVERSION = YES;
				CLANG_WARN_CONSTANT_CONVERSION = YES;
				CLANG_WARN_DIRECT_OBJC_ISA_USAGE = YES_ERROR;
				CLANG_WARN_EMPTY_BODY = YES;
				CLANG_WARN_ENUM_CONVERSION = YES;
				CLANG_WARN_INT_CONVERSION = YES;
				CLANG_WARN_OBJC_ROOT_CLASS = YES_ERROR;
				CLANG_WARN_UNREACHABLE_CODE = YES;
				CLANG_WARN__DUPLICATE_METHOD_MATCH = YES;
				"CODE_SIGN_IDENTITY[sdk=iphoneos*]" = "iPhone Developer";
				COPY_PHASE_STRIP = NO;
				DEBUG_INFORMATION_FORMAT = "dwarf-with-dsym";
				ENABLE_STRICT_OBJC_MSGSEND = YES;
				GCC_C_LANGUAGE_STANDARD = gnu99;
				GCC_DYNAMIC_NO_PIC = NO;
				GCC_NO_COMMON_BLOCKS = YES;
				GCC_OPTIMIZATION_LEVEL = 0;
				GCC_PREPROCESSOR_DEFINITIONS = (
					"DEBUG=1",
					"$(inherited)",
				);
				GCC_SYMBOLS_PRIVATE_EXTERN = NO;
				GCC_WARN_64_TO_32_BIT_CONVERSION = YES;
				GCC_WARN_ABOUT_RETURN_TYPE = YES_ERROR;
				GCC_WARN_UNDECLARED_SELECTOR = YES;
				GCC_WARN_UNINITIALIZED_AUTOS = YES_AGGRESSIVE;
				GCC_WARN_UNUSED_FUNCTION = YES;
				GCC_WARN_UNUSED_VARIABLE = YES;
				IPHONEOS_DEPLOYMENT_TARGET = 8.3;
				MTL_ENABLE_DEBUG_INFO = YES;
				ONLY_ACTIVE_ARCH = YES;
				SDKROOT = iphoneos;
			};
			name = Debug;
		};
		3DEE33BB1B31349C0096EF94 /* Release */ = {
			isa = XCBuildConfiguration;
			buildSettings = {
				ALWAYS_SEARCH_USER_PATHS = NO;
				CLANG_CXX_LANGUAGE_STANDARD = "gnu++0x";
				CLANG_CXX_LIBRARY = "libc++";
				CLANG_ENABLE_MODULES = YES;
				CLANG_ENABLE_OBJC_ARC = YES;
				CLANG_WARN_BOOL_CONVERSION = YES;
				CLANG_WARN_CONSTANT_CONVERSION = YES;
				CLANG_WARN_DIRECT_OBJC_ISA_USAGE = YES_ERROR;
				CLANG_WARN_EMPTY_BODY = YES;
				CLANG_WARN_ENUM_CONVERSION = YES;
				CLANG_WARN_INT_CONVERSION = YES;
				CLANG_WARN_OBJC_ROOT_CLASS = YES_ERROR;
				CLANG_WARN_UNREACHABLE_CODE = YES;
				CLANG_WARN__DUPLICATE_METHOD_MATCH = YES;
				"CODE_SIGN_IDENTITY[sdk=iphoneos*]" = "iPhone Developer";
				COPY_PHASE_STRIP = NO;
				DEBUG_INFORMATION_FORMAT = "dwarf-with-dsym";
				ENABLE_NS_ASSERTIONS = NO;
				ENABLE_STRICT_OBJC_MSGSEND = YES;
				GCC_C_LANGUAGE_STANDARD = gnu99;
				GCC_NO_COMMON_BLOCKS = YES;
				GCC_WARN_64_TO_32_BIT_CONVERSION = YES;
				GCC_WARN_ABOUT_RETURN_TYPE = YES_ERROR;
				GCC_WARN_UNDECLARED_SELECTOR = YES;
				GCC_WARN_UNINITIALIZED_AUTOS = YES_AGGRESSIVE;
				GCC_WARN_UNUSED_FUNCTION = YES;
				GCC_WARN_UNUSED_VARIABLE = YES;
				IPHONEOS_DEPLOYMENT_TARGET = 8.3;
				MTL_ENABLE_DEBUG_INFO = NO;
				SDKROOT = iphoneos;
				VALIDATE_PRODUCT = YES;
			};
			name = Release;
		};
		3DEE33BD1B31349C0096EF94 /* Debug */ = {
			isa = XCBuildConfiguration;
			baseConfigurationReference = 285501F9777D8E55D5DE5E3F /* Pods.debug.xcconfig */;
			buildSettings = {
				ASSETCATALOG_COMPILER_APPICON_NAME = AppIcon;
				INFOPLIST_FILE = "Day 4 Photo Boomper App/Info.plist";
				LD_RUNPATH_SEARCH_PATHS = "$(inherited) @executable_path/Frameworks";
				PRODUCT_NAME = "$(TARGET_NAME)";
			};
			name = Debug;
		};
		3DEE33BE1B31349C0096EF94 /* Release */ = {
			isa = XCBuildConfiguration;
			baseConfigurationReference = BD147D413324E15C8ADE96D9 /* Pods.release.xcconfig */;
			buildSettings = {
				ASSETCATALOG_COMPILER_APPICON_NAME = AppIcon;
				INFOPLIST_FILE = "Day 4 Photo Boomper App/Info.plist";
				LD_RUNPATH_SEARCH_PATHS = "$(inherited) @executable_path/Frameworks";
				PRODUCT_NAME = "$(TARGET_NAME)";
			};
			name = Release;
		};
		3DEE33C01B31349C0096EF94 /* Debug */ = {
			isa = XCBuildConfiguration;
			buildSettings = {
				BUNDLE_LOADER = "$(TEST_HOST)";
				FRAMEWORK_SEARCH_PATHS = (
					"$(SDKROOT)/Developer/Library/Frameworks",
					"$(inherited)",
				);
				GCC_PREPROCESSOR_DEFINITIONS = (
					"DEBUG=1",
					"$(inherited)",
				);
				INFOPLIST_FILE = "Day 4 Photo Boomper AppTests/Info.plist";
				LD_RUNPATH_SEARCH_PATHS = "$(inherited) @executable_path/Frameworks @loader_path/Frameworks";
				PRODUCT_NAME = "$(TARGET_NAME)";
				TEST_HOST = "$(BUILT_PRODUCTS_DIR)/Day 4 Photo Boomper App.app/Day 4 Photo Boomper App";
			};
			name = Debug;
		};
		3DEE33C11B31349C0096EF94 /* Release */ = {
			isa = XCBuildConfiguration;
			buildSettings = {
				BUNDLE_LOADER = "$(TEST_HOST)";
				FRAMEWORK_SEARCH_PATHS = (
					"$(SDKROOT)/Developer/Library/Frameworks",
					"$(inherited)",
				);
				INFOPLIST_FILE = "Day 4 Photo Boomper AppTests/Info.plist";
				LD_RUNPATH_SEARCH_PATHS = "$(inherited) @executable_path/Frameworks @loader_path/Frameworks";
				PRODUCT_NAME = "$(TARGET_NAME)";
				TEST_HOST = "$(BUILT_PRODUCTS_DIR)/Day 4 Photo Boomper App.app/Day 4 Photo Boomper App";
			};
			name = Release;
		};
/* End XCBuildConfiguration section */

/* Begin XCConfigurationList section */
		3DEE33941B31349C0096EF94 /* Build configuration list for PBXProject "Day 4 Photo Boomper App" */ = {
			isa = XCConfigurationList;
			buildConfigurations = (
				3DEE33BA1B31349C0096EF94 /* Debug */,
				3DEE33BB1B31349C0096EF94 /* Release */,
			);
			defaultConfigurationIsVisible = 0;
			defaultConfigurationName = Release;
		};
		3DEE33BC1B31349C0096EF94 /* Build configuration list for PBXNativeTarget "Day 4 Photo Boomper App" */ = {
			isa = XCConfigurationList;
			buildConfigurations = (
				3DEE33BD1B31349C0096EF94 /* Debug */,
				3DEE33BE1B31349C0096EF94 /* Release */,
			);
			defaultConfigurationIsVisible = 0;
			defaultConfigurationName = Release;
		};
		3DEE33BF1B31349C0096EF94 /* Build configuration list for PBXNativeTarget "Day 4 Photo Boomper AppTests" */ = {
			isa = XCConfigurationList;
			buildConfigurations = (
				3DEE33C01B31349C0096EF94 /* Debug */,
				3DEE33C11B31349C0096EF94 /* Release */,
			);
			defaultConfigurationIsVisible = 0;
			defaultConfigurationName = Release;
		};
/* End XCConfigurationList section */
	};
	rootObject = 3DEE33911B31349C0096EF94 /* Project object */;
}
